// !$*UTF8*$!
{
	archiveVersion = 1;
	classes = {
	};
	objectVersion = 46;
	objects = {

/* Begin PBXBuildFile section */
		18D98D54155F4D79007E6983 /* UIKit.framework in Frameworks */ = {isa = PBXBuildFile; fileRef = 18D98D53155F4D79007E6983 /* UIKit.framework */; };
		18D98D56155F4D79007E6983 /* Foundation.framework in Frameworks */ = {isa = PBXBuildFile; fileRef = 18D98D55155F4D79007E6983 /* Foundation.framework */; };
		18D98D58155F4D79007E6983 /* CoreGraphics.framework in Frameworks */ = {isa = PBXBuildFile; fileRef = 18D98D57155F4D79007E6983 /* CoreGraphics.framework */; };
		18D98D5E155F4D79007E6983 /* InfoPlist.strings in Resources */ = {isa = PBXBuildFile; fileRef = 18D98D5C155F4D79007E6983 /* InfoPlist.strings */; };
		18D98D60155F4D79007E6983 /* main.m in Sources */ = {isa = PBXBuildFile; fileRef = 18D98D5F155F4D79007E6983 /* main.m */; };
		18D98D64155F4D79007E6983 /* KYSAppDelegate.m in Sources */ = {isa = PBXBuildFile; fileRef = 18D98D63155F4D79007E6983 /* KYSAppDelegate.m */; };
		18D98D67155F4D79007E6983 /* MainStoryboard.storyboard in Resources */ = {isa = PBXBuildFile; fileRef = 18D98D65155F4D79007E6983 /* MainStoryboard.storyboard */; };
		18D98D6A155F4D79007E6983 /* KYSViewController.m in Sources */ = {isa = PBXBuildFile; fileRef = 18D98D69155F4D79007E6983 /* KYSViewController.m */; };
/* End PBXBuildFile section */

/* Begin PBXFileReference section */
		18D98D4F155F4D79007E6983 /* HelloWorld.app */ = {isa = PBXFileReference; explicitFileType = wrapper.application; includeInIndex = 0; path = HelloWorld.app; sourceTree = BUILT_PRODUCTS_DIR; };
		18D98D53155F4D79007E6983 /* UIKit.framework */ = {isa = PBXFileReference; lastKnownFileType = wrapper.framework; name = UIKit.framework; path = System/Library/Frameworks/UIKit.framework; sourceTree = SDKROOT; };
		18D98D55155F4D79007E6983 /* Foundation.framework */ = {isa = PBXFileReference; lastKnownFileType = wrapper.framework; name = Foundation.framework; path = System/Library/Frameworks/Foundation.framework; sourceTree = SDKROOT; };
		18D98D57155F4D79007E6983 /* CoreGraphics.framework */ = {isa = PBXFileReference; lastKnownFileType = wrapper.framework; name = CoreGraphics.framework; path = System/Library/Frameworks/CoreGraphics.framework; sourceTree = SDKROOT; };
		18D98D5B155F4D79007E6983 /* HelloWorld-Info.plist */ = {isa = PBXFileReference; lastKnownFileType = text.plist.xml; path = "HelloWorld-Info.plist"; sourceTree = "<group>"; };
		18D98D5D155F4D79007E6983 /* en */ = {isa = PBXFileReference; lastKnownFileType = text.plist.strings; name = en; path = en.lproj/InfoPlist.strings; sourceTree = "<group>"; };
		18D98D5F155F4D79007E6983 /* main.m */ = {isa = PBXFileReference; lastKnownFileType = sourcecode.c.objc; path = main.m; sourceTree = "<group>"; };
		18D98D61155F4D79007E6983 /* HelloWorld-Prefix.pch */ = {isa = PBXFileReference; lastKnownFileType = sourcecode.c.h; path = "HelloWorld-Prefix.pch"; sourceTree = "<group>"; };
		18D98D62155F4D79007E6983 /* KYSAppDelegate.h */ = {isa = PBXFileReference; lastKnownFileType = sourcecode.c.h; path = KYSAppDelegate.h; sourceTree = "<group>"; };
		18D98D63155F4D79007E6983 /* KYSAppDelegate.m */ = {isa = PBXFileReference; lastKnownFileType = sourcecode.c.objc; path = KYSAppDelegate.m; sourceTree = "<group>"; };
		18D98D66155F4D79007E6983 /* en */ = {isa = PBXFileReference; lastKnownFileType = file.storyboard; name = en; path = en.lproj/MainStoryboard.storyboard; sourceTree = "<group>"; };
		18D98D68155F4D79007E6983 /* KYSViewController.h */ = {isa = PBXFileReference; lastKnownFileType = sourcecode.c.h; path = KYSViewController.h; sourceTree = "<group>"; };
		18D98D69155F4D79007E6983 /* KYSViewController.m */ = {isa = PBXFileReference; lastKnownFileType = sourcecode.c.objc; path = KYSViewController.m; sourceTree = "<group>"; };
/* End PBXFileReference section */

/* Begin PBXFrameworksBuildPhase section */
		18D98D4C155F4D79007E6983 /* Frameworks */ = {
			isa = PBXFrameworksBuildPhase;
			buildActionMask = 2147483647;
			files = (
				18D98D54155F4D79007E6983 /* UIKit.framework in Frameworks */,
				18D98D56155F4D79007E6983 /* Foundation.framework in Frameworks */,
				18D98D58155F4D79007E6983 /* CoreGraphics.framework in Frameworks */,
			);
			runOnlyForDeploymentPostprocessing = 0;
		};
/* End PBXFrameworksBuildPhase section */

/* Begin PBXGroup section */
		18D98D44155F4D79007E6983 = {
			isa = PBXGroup;
			children = (
				18D98D59155F4D79007E6983 /* HelloWorld */,
				18D98D52155F4D79007E6983 /* Frameworks */,
				18D98D50155F4D79007E6983 /* Products */,
			);
			sourceTree = "<group>";
		};
		18D98D50155F4D79007E6983 /* Products */ = {
			isa = PBXGroup;
			children = (
				18D98D4F155F4D79007E6983 /* HelloWorld.app */,
			);
			name = Products;
			sourceTree = "<group>";
		};
		18D98D52155F4D79007E6983 /* Frameworks */ = {
			isa = PBXGroup;
			children = (
				18D98D53155F4D79007E6983 /* UIKit.framework */,
				18D98D55155F4D79007E6983 /* Foundation.framework */,
				18D98D57155F4D79007E6983 /* CoreGraphics.framework */,
			);
			name = Frameworks;
			sourceTree = "<group>";
		};
		18D98D59155F4D79007E6983 /* HelloWorld */ = {
			isa = PBXGroup;
			children = (
				18D98D62155F4D79007E6983 /* KYSAppDelegate.h */,
				18D98D63155F4D79007E6983 /* KYSAppDelegate.m */,
				18D98D65155F4D79007E6983 /* MainStoryboard.storyboard */,
				18D98D68155F4D79007E6983 /* KYSViewController.h */,
				18D98D69155F4D79007E6983 /* KYSViewController.m */,
				18D98D5A155F4D79007E6983 /* Supporting Files */,
			);
			path = HelloWorld;
			sourceTree = "<group>";
		};
		18D98D5A155F4D79007E6983 /* Supporting Files */ = {
			isa = PBXGroup;
			children = (
				18D98D5B155F4D79007E6983 /* HelloWorld-Info.plist */,
				18D98D5C155F4D79007E6983 /* InfoPlist.strings */,
				18D98D5F155F4D79007E6983 /* main.m */,
				18D98D61155F4D79007E6983 /* HelloWorld-Prefix.pch */,
			);
			name = "Supporting Files";
			sourceTree = "<group>";
		};
/* End PBXGroup section */

/* Begin PBXNativeTarget section */
		18D98D4E155F4D79007E6983 /* HelloWorld */ = {
			isa = PBXNativeTarget;
			buildConfigurationList = 18D98D6D155F4D79007E6983 /* Build configuration list for PBXNativeTarget "HelloWorld" */;
			buildPhases = (
				18D98D4B155F4D79007E6983 /* Sources */,
				18D98D4C155F4D79007E6983 /* Frameworks */,
				18D98D4D155F4D79007E6983 /* Resources */,
			);
			buildRules = (
			);
			dependencies = (
			);
			name = HelloWorld;
			productName = HelloWorld;
			productReference = 18D98D4F155F4D79007E6983 /* HelloWorld.app */;
			productType = "com.apple.product-type.application";
		};
/* End PBXNativeTarget section */

/* Begin PBXProject section */
		18D98D46155F4D79007E6983 /* Project object */ = {
			isa = PBXProject;
			attributes = {
				LastUpgradeCheck = 0420;
			};
			buildConfigurationList = 18D98D49155F4D79007E6983 /* Build configuration list for PBXProject "HelloWorld" */;
			compatibilityVersion = "Xcode 3.2";
			developmentRegion = English;
			hasScannedForEncodings = 0;
			knownRegions = (
				en,
			);
			mainGroup = 18D98D44155F4D79007E6983;
			productRefGroup = 18D98D50155F4D79007E6983 /* Products */;
			projectDirPath = "";
			projectRoot = "";
			targets = (
				18D98D4E155F4D79007E6983 /* HelloWorld */,
			);
		};
/* End PBXProject section */

/* Begin PBXResourcesBuildPhase section */
		18D98D4D155F4D79007E6983 /* Resources */ = {
			isa = PBXResourcesBuildPhase;
			buildActionMask = 2147483647;
			files = (
				18D98D5E155F4D79007E6983 /* InfoPlist.strings in Resources */,
				18D98D67155F4D79007E6983 /* MainStoryboard.storyboard in Resources */,
			);
			runOnlyForDeploymentPostprocessing = 0;
		};
/* End PBXResourcesBuildPhase section */

/* Begin PBXSourcesBuildPhase section */
		18D98D4B155F4D79007E6983 /* Sources */ = {
			isa = PBXSourcesBuildPhase;
			buildActionMask = 2147483647;
			files = (
				18D98D60155F4D79007E6983 /* main.m in Sources */,
				18D98D64155F4D79007E6983 /* KYSAppDelegate.m in Sources */,
				18D98D6A155F4D79007E6983 /* KYSViewController.m in Sources */,
			);
			runOnlyForDeploymentPostprocessing = 0;
		};
/* End PBXSourcesBuildPhase section */

/* Begin PBXVariantGroup section */
		18D98D5C155F4D79007E6983 /* InfoPlist.strings */ = {
			isa = PBXVariantGroup;
			children = (
				18D98D5D155F4D79007E6983 /* en */,
			);
			name = InfoPlist.strings;
			sourceTree = "<group>";
		};
		18D98D65155F4D79007E6983 /* MainStoryboard.storyboard */ = {
			isa = PBXVariantGroup;
			children = (
				18D98D66155F4D79007E6983 /* en */,
			);
			name = MainStoryboard.storyboard;
			sourceTree = "<group>";
		};
/* End PBXVariantGroup section */

/* Begin XCBuildConfiguration section */
		18D98D6B155F4D79007E6983 /* Debug */ = {
			isa = XCBuildConfiguration;
			buildSettings = {
				ALWAYS_SEARCH_USER_PATHS = NO;
				ARCHS = "$(ARCHS_STANDARD_32_BIT)";
				CLANG_ENABLE_OBJC_ARC = YES;
				"CODE_SIGN_IDENTITY[sdk=iphoneos*]" = "iPhone Developer";
				COPY_PHASE_STRIP = NO;
				GCC_C_LANGUAGE_STANDARD = gnu99;
				GCC_DYNAMIC_NO_PIC = NO;
				GCC_OPTIMIZATION_LEVEL = 0;
				GCC_PREPROCESSOR_DEFINITIONS = (
					"DEBUG=1",
					"$(inherited)",
				);
				GCC_SYMBOLS_PRIVATE_EXTERN = NO;
				GCC_VERSION = com.apple.compilers.llvm.clang.1_0;
				GCC_WARN_ABOUT_MISSING_PROTOTYPES = YES;
				GCC_WARN_ABOUT_RETURN_TYPE = YES;
				GCC_WARN_UNUSED_VARIABLE = YES;
				IPHONEOS_DEPLOYMENT_TARGET = 5.0;
				SDKROOT = iphoneos;
				TARGETED_DEVICE_FAMILY = 2;
			};
			name = Debug;
		};
		18D98D6C155F4D79007E6983 /* Release */ = {
			isa = XCBuildConfiguration;
			buildSettings = {
				ALWAYS_SEARCH_USER_PATHS = NO;
				ARCHS = "$(ARCHS_STANDARD_32_BIT)";
				CLANG_ENABLE_OBJC_ARC = YES;
				"CODE_SIGN_IDENTITY[sdk=iphoneos*]" = "iPhone Developer";
				COPY_PHASE_STRIP = YES;
				GCC_C_LANGUAGE_STANDARD = gnu99;
				GCC_VERSION = com.apple.compilers.llvm.clang.1_0;
				GCC_WARN_ABOUT_MISSING_PROTOTYPES = YES;
				GCC_WARN_ABOUT_RETURN_TYPE = YES;
				GCC_WARN_UNUSED_VARIABLE = YES;
				IPHONEOS_DEPLOYMENT_TARGET = 5.0;
				OTHER_CFLAGS = "-DNS_BLOCK_ASSERTIONS=1";
				SDKROOT = iphoneos;
				TARGETED_DEVICE_FAMILY = 2;
				VALIDATE_PRODUCT = YES;
			};
			name = Release;
		};
		18D98D6E155F4D79007E6983 /* Debug */ = {
			isa = XCBuildConfiguration;
			buildSettings = {
				GCC_PRECOMPILE_PREFIX_HEADER = YES;
				GCC_PREFIX_HEADER = "HelloWorld/HelloWorld-Prefix.pch";
				INFOPLIST_FILE = "HelloWorld/HelloWorld-Info.plist";
				PRODUCT_NAME = "$(TARGET_NAME)";
				WRAPPER_EXTENSION = app;
			};
			name = Debug;
		};
		18D98D6F155F4D79007E6983 /* Release */ = {
			isa = XCBuildConfiguration;
			buildSettings = {
				GCC_PRECOMPILE_PREFIX_HEADER = YES;
				GCC_PREFIX_HEADER = "HelloWorld/HelloWorld-Prefix.pch";
				INFOPLIST_FILE = "HelloWorld/HelloWorld-Info.plist";
				PRODUCT_NAME = "$(TARGET_NAME)";
				WRAPPER_EXTENSION = app;
			};
			name = Release;
		};
/* End XCBuildConfiguration section */

/* Begin XCConfigurationList section */
		18D98D49155F4D79007E6983 /* Build configuration list for PBXProject "HelloWorld" */ = {
			isa = XCConfigurationList;
			buildConfigurations = (
				18D98D6B155F4D79007E6983 /* Debug */,
				18D98D6C155F4D79007E6983 /* Release */,
			);
			defaultConfigurationIsVisible = 0;
			defaultConfigurationName = Release;
		};
		18D98D6D155F4D79007E6983 /* Build configuration list for PBXNativeTarget "HelloWorld" */ = {
			isa = XCConfigurationList;
			buildConfigurations = (
				18D98D6E155F4D79007E6983 /* Debug */,
				18D98D6F155F4D79007E6983 /* Release */,
			);
			defaultConfigurationIsVisible = 0;
		};
/* End XCConfigurationList section */
	};
	rootObject = 18D98D46155F4D79007E6983 /* Project object */;
}
