// !$*UTF8*$!
{
	archiveVersion = 1;
	classes = {
	};
	objectVersion = 46;
	objects = {

/* Begin PBXBuildFile section */
		187BAB5B155E315D002B4402 /* UIKit.framework in Frameworks */ = {isa = PBXBuildFile; fileRef = 187BAB5A155E315D002B4402 /* UIKit.framework */; };
		187BAB5D155E315D002B4402 /* Foundation.framework in Frameworks */ = {isa = PBXBuildFile; fileRef = 187BAB5C155E315D002B4402 /* Foundation.framework */; };
		187BAB5F155E315D002B4402 /* CoreGraphics.framework in Frameworks */ = {isa = PBXBuildFile; fileRef = 187BAB5E155E315D002B4402 /* CoreGraphics.framework */; };
		187BAB65155E315D002B4402 /* InfoPlist.strings in Resources */ = {isa = PBXBuildFile; fileRef = 187BAB63155E315D002B4402 /* InfoPlist.strings */; };
		187BAB67155E315D002B4402 /* main.m in Sources */ = {isa = PBXBuildFile; fileRef = 187BAB66155E315D002B4402 /* main.m */; };
		187BAB6B155E315D002B4402 /* KYSAppDelegate.m in Sources */ = {isa = PBXBuildFile; fileRef = 187BAB6A155E315D002B4402 /* KYSAppDelegate.m */; };
		187BAB6E155E315D002B4402 /* MainStoryboard.storyboard in Resources */ = {isa = PBXBuildFile; fileRef = 187BAB6C155E315D002B4402 /* MainStoryboard.storyboard */; };
		187BAB71155E315D002B4402 /* KYSViewController.m in Sources */ = {isa = PBXBuildFile; fileRef = 187BAB70155E315D002B4402 /* KYSViewController.m */; };
/* End PBXBuildFile section */

/* Begin PBXFileReference section */
		187BAB56155E315D002B4402 /* HelloWorld.app */ = {isa = PBXFileReference; explicitFileType = wrapper.application; includeInIndex = 0; path = HelloWorld.app; sourceTree = BUILT_PRODUCTS_DIR; };
		187BAB5A155E315D002B4402 /* UIKit.framework */ = {isa = PBXFileReference; lastKnownFileType = wrapper.framework; name = UIKit.framework; path = System/Library/Frameworks/UIKit.framework; sourceTree = SDKROOT; };
		187BAB5C155E315D002B4402 /* Foundation.framework */ = {isa = PBXFileReference; lastKnownFileType = wrapper.framework; name = Foundation.framework; path = System/Library/Frameworks/Foundation.framework; sourceTree = SDKROOT; };
		187BAB5E155E315D002B4402 /* CoreGraphics.framework */ = {isa = PBXFileReference; lastKnownFileType = wrapper.framework; name = CoreGraphics.framework; path = System/Library/Frameworks/CoreGraphics.framework; sourceTree = SDKROOT; };
		187BAB62155E315D002B4402 /* HelloWorld-Info.plist */ = {isa = PBXFileReference; path = "HelloWorld-Info.plist"; sourceTree = "<group>"; };
		187BAB64155E315D002B4402 /* en */ = {isa = PBXFileReference; lastKnownFileType = text.plist.strings; name = en; path = en.lproj/InfoPlist.strings; sourceTree = "<group>"; };
		187BAB66155E315D002B4402 /* main.m */ = {isa = PBXFileReference; lastKnownFileType = sourcecode.c.objc; path = main.m; sourceTree = "<group>"; };
		187BAB68155E315D002B4402 /* HelloWorld-Prefix.pch */ = {isa = PBXFileReference; path = "HelloWorld-Prefix.pch"; sourceTree = "<group>"; };
		187BAB69155E315D002B4402 /* KYSAppDelegate.h */ = {isa = PBXFileReference; path = KYSAppDelegate.h; sourceTree = "<group>"; };
		187BAB6A155E315D002B4402 /* KYSAppDelegate.m */ = {isa = PBXFileReference; lastKnownFileType = sourcecode.c.objc; path = KYSAppDelegate.m; sourceTree = "<group>"; };
		187BAB6D155E315D002B4402 /* en */ = {isa = PBXFileReference; lastKnownFileType = file.storyboard; name = en; path = en.lproj/MainStoryboard.storyboard; sourceTree = "<group>"; };
		187BAB6F155E315D002B4402 /* KYSViewController.h */ = {isa = PBXFileReference; path = KYSViewController.h; sourceTree = "<group>"; };
		187BAB70155E315D002B4402 /* KYSViewController.m */ = {isa = PBXFileReference; lastKnownFileType = sourcecode.c.objc; path = KYSViewController.m; sourceTree = "<group>"; };
/* End PBXFileReference section */

/* Begin PBXFrameworksBuildPhase section */
		187BAB53155E315D002B4402 /* Frameworks */ = {
			isa = PBXFrameworksBuildPhase;
			buildActionMask = 2147483647;
			files = (
				187BAB5B155E315D002B4402 /* UIKit.framework in Frameworks */,
				187BAB5D155E315D002B4402 /* Foundation.framework in Frameworks */,
				187BAB5F155E315D002B4402 /* CoreGraphics.framework in Frameworks */,
			);
			runOnlyForDeploymentPostprocessing = 0;
		};
/* End PBXFrameworksBuildPhase section */

/* Begin PBXGroup section */
		187BAB4B155E315D002B4402 = {
			isa = PBXGroup;
			children = (
				187BAB60155E315D002B4402 /* HelloWorld */,
				187BAB59155E315D002B4402 /* Frameworks */,
				187BAB57155E315D002B4402 /* Products */,
			);
			sourceTree = "<group>";
		};
		187BAB57155E315D002B4402 /* Products */ = {
			isa = PBXGroup;
			children = (
				187BAB56155E315D002B4402 /* HelloWorld.app */,
			);
			name = Products;
			sourceTree = "<group>";
		};
		187BAB59155E315D002B4402 /* Frameworks */ = {
			isa = PBXGroup;
			children = (
				187BAB5A155E315D002B4402 /* UIKit.framework */,
				187BAB5C155E315D002B4402 /* Foundation.framework */,
				187BAB5E155E315D002B4402 /* CoreGraphics.framework */,
			);
			name = Frameworks;
			sourceTree = "<group>";
		};
		187BAB60155E315D002B4402 /* HelloWorld */ = {
			isa = PBXGroup;
			children = (
				187BAB69155E315D002B4402 /* KYSAppDelegate.h */,
				187BAB6A155E315D002B4402 /* KYSAppDelegate.m */,
				187BAB6C155E315D002B4402 /* MainStoryboard.storyboard */,
				187BAB6F155E315D002B4402 /* KYSViewController.h */,
				187BAB70155E315D002B4402 /* KYSViewController.m */,
				187BAB61155E315D002B4402 /* Supporting Files */,
			);
			path = HelloWorld;
			sourceTree = "<group>";
		};
		187BAB61155E315D002B4402 /* Supporting Files */ = {
			isa = PBXGroup;
			children = (
				187BAB62155E315D002B4402 /* HelloWorld-Info.plist */,
				187BAB63155E315D002B4402 /* InfoPlist.strings */,
				187BAB66155E315D002B4402 /* main.m */,
				187BAB68155E315D002B4402 /* HelloWorld-Prefix.pch */,
			);
			name = "Supporting Files";
			sourceTree = "<group>";
		};
/* End PBXGroup section */

/* Begin PBXNativeTarget section */
		187BAB55155E315D002B4402 /* HelloWorld */ = {
			isa = PBXNativeTarget;
			buildConfigurationList = 187BAB74155E315D002B4402 /* Build configuration list for PBXNativeTarget "HelloWorld" */;
			buildPhases = (
				187BAB52155E315D002B4402 /* Sources */,
				187BAB53155E315D002B4402 /* Frameworks */,
				187BAB54155E315D002B4402 /* Resources */,
			);
			buildRules = (
			);
			dependencies = (
			);
			name = HelloWorld;
			productName = HelloWorld;
			productReference = 187BAB56155E315D002B4402 /* HelloWorld.app */;
			productType = "com.apple.product-type.application";
		};
/* End PBXNativeTarget section */

/* Begin PBXProject section */
		187BAB4D155E315D002B4402 /* Project object */ = {
			isa = PBXProject;
			attributes = {
				LastUpgradeCheck = 0420;
			};
			buildConfigurationList = 187BAB50155E315D002B4402 /* Build configuration list for PBXProject "HelloWorld" */;
			compatibilityVersion = "Xcode 3.2";
			developmentRegion = English;
			hasScannedForEncodings = 0;
			knownRegions = (
				en,
			);
			mainGroup = 187BAB4B155E315D002B4402;
			productRefGroup = 187BAB57155E315D002B4402 /* Products */;
			projectDirPath = "";
			projectRoot = "";
			targets = (
				187BAB55155E315D002B4402 /* HelloWorld */,
			);
		};
/* End PBXProject section */

/* Begin PBXResourcesBuildPhase section */
		187BAB54155E315D002B4402 /* Resources */ = {
			isa = PBXResourcesBuildPhase;
			buildActionMask = 2147483647;
			files = (
				187BAB65155E315D002B4402 /* InfoPlist.strings in Resources */,
				187BAB6E155E315D002B4402 /* MainStoryboard.storyboard in Resources */,
			);
			runOnlyForDeploymentPostprocessing = 0;
		};
/* End PBXResourcesBuildPhase section */

/* Begin PBXSourcesBuildPhase section */
		187BAB52155E315D002B4402 /* Sources */ = {
			isa = PBXSourcesBuildPhase;
			buildActionMask = 2147483647;
			files = (
				187BAB67155E315D002B4402 /* main.m in Sources */,
				187BAB6B155E315D002B4402 /* KYSAppDelegate.m in Sources */,
				187BAB71155E315D002B4402 /* KYSViewController.m in Sources */,
			);
			runOnlyForDeploymentPostprocessing = 0;
		};
/* End PBXSourcesBuildPhase section */

/* Begin PBXVariantGroup section */
		187BAB63155E315D002B4402 /* InfoPlist.strings */ = {
			isa = PBXVariantGroup;
			children = (
				187BAB64155E315D002B4402 /* en */,
			);
			name = InfoPlist.strings;
			sourceTree = "<group>";
		};
		187BAB6C155E315D002B4402 /* MainStoryboard.storyboard */ = {
			isa = PBXVariantGroup;
			children = (
				187BAB6D155E315D002B4402 /* en */,
			);
			name = MainStoryboard.storyboard;
			sourceTree = "<group>";
		};
/* End PBXVariantGroup section */

/* Begin XCBuildConfiguration section */
		187BAB72155E315D002B4402 /* Debug */ = {
			isa = XCBuildConfiguration;
			buildSettings = {
				ALWAYS_SEARCH_USER_PATHS = NO;
				ARCHS = "$(ARCHS_STANDARD_32_BIT)";
				CLANG_ENABLE_OBJC_ARC = YES;
				"CODE_SIGN_IDENTITY[sdk=iphoneos*]" = "iPhone Developer";
				COPY_PHASE_STRIP = NO;
				GCC_C_LANGUAGE_STANDARD = gnu99;
				GCC_DYNAMIC_NO_PIC = NO;
				GCC_OPTIMIZATION_LEVEL = 0;
				GCC_PREPROCESSOR_DEFINITIONS = (
					"DEBUG=1",
					"$(inherited)",
				);
				GCC_SYMBOLS_PRIVATE_EXTERN = NO;
				GCC_VERSION = com.apple.compilers.llvm.clang.1_0;
				GCC_WARN_ABOUT_MISSING_PROTOTYPES = YES;
				GCC_WARN_ABOUT_RETURN_TYPE = YES;
				GCC_WARN_UNUSED_VARIABLE = YES;
				IPHONEOS_DEPLOYMENT_TARGET = 5.0;
				SDKROOT = iphoneos;
				TARGETED_DEVICE_FAMILY = 2;
			};
			name = Debug;
		};
		187BAB73155E315D002B4402 /* Release */ = {
			isa = XCBuildConfiguration;
			buildSettings = {
				ALWAYS_SEARCH_USER_PATHS = NO;
				ARCHS = "$(ARCHS_STANDARD_32_BIT)";
				CLANG_ENABLE_OBJC_ARC = YES;
				"CODE_SIGN_IDENTITY[sdk=iphoneos*]" = "iPhone Developer";
				COPY_PHASE_STRIP = YES;
				GCC_C_LANGUAGE_STANDARD = gnu99;
				GCC_VERSION = com.apple.compilers.llvm.clang.1_0;
				GCC_WARN_ABOUT_MISSING_PROTOTYPES = YES;
				GCC_WARN_ABOUT_RETURN_TYPE = YES;
				GCC_WARN_UNUSED_VARIABLE = YES;
				IPHONEOS_DEPLOYMENT_TARGET = 5.0;
				OTHER_CFLAGS = "-DNS_BLOCK_ASSERTIONS=1";
				SDKROOT = iphoneos;
				TARGETED_DEVICE_FAMILY = 2;
				VALIDATE_PRODUCT = YES;
			};
			name = Release;
		};
		187BAB75155E315D002B4402 /* Debug */ = {
			isa = XCBuildConfiguration;
			buildSettings = {
				GCC_PRECOMPILE_PREFIX_HEADER = YES;
				GCC_PREFIX_HEADER = "HelloWorld/HelloWorld-Prefix.pch";
				INFOPLIST_FILE = "HelloWorld/HelloWorld-Info.plist";
				PRODUCT_NAME = "$(TARGET_NAME)";
				WRAPPER_EXTENSION = app;
			};
			name = Debug;
		};
		187BAB76155E315D002B4402 /* Release */ = {
			isa = XCBuildConfiguration;
			buildSettings = {
				GCC_PRECOMPILE_PREFIX_HEADER = YES;
				GCC_PREFIX_HEADER = "HelloWorld/HelloWorld-Prefix.pch";
				INFOPLIST_FILE = "HelloWorld/HelloWorld-Info.plist";
				PRODUCT_NAME = "$(TARGET_NAME)";
				WRAPPER_EXTENSION = app;
			};
			name = Release;
		};
/* End XCBuildConfiguration section */

/* Begin XCConfigurationList section */
		187BAB50155E315D002B4402 /* Build configuration list for PBXProject "HelloWorld" */ = {
			isa = XCConfigurationList;
			buildConfigurations = (
				187BAB72155E315D002B4402 /* Debug */,
				187BAB73155E315D002B4402 /* Release */,
			);
			defaultConfigurationIsVisible = 0;
			defaultConfigurationName = Release;
		};
		187BAB74155E315D002B4402 /* Build configuration list for PBXNativeTarget "HelloWorld" */ = {
			isa = XCConfigurationList;
			buildConfigurations = (
				187BAB75155E315D002B4402 /* Debug */,
				187BAB76155E315D002B4402 /* Release */,
			);
			defaultConfigurationIsVisible = 0;
		};
/* End XCConfigurationList section */
	};
	rootObject = 187BAB4D155E315D002B4402 /* Project object */;
}
